version: 6
environments:
  default:
    channels:
    - url: https://conda.anaconda.org/conda-forge/
    indexes:
    - https://pypi.org/simple
    options:
      pypi-prerelease-mode: if-necessary-or-explicit
    packages:
      win-64:
      - conda: https://conda.anaconda.org/conda-forge/win-64/bzip2-1.0.8-h0ad9c76_9.conda
      - conda: https://conda.anaconda.org/conda-forge/noarch/ca-certificates-2026.4.22-h4c7d964_0.conda
      - conda: https://conda.anaconda.org/conda-forge/win-64/libexpat-2.7.5-hac47afa_0.conda
      - conda: https://conda.anaconda.org/conda-forge/win-64/libffi-3.5.2-h3d046cb_0.conda
      - conda: https://conda.anaconda.org/conda-forge/win-64/liblzma-5.8.3-hfd05255_0.conda
      - conda: https://conda.anaconda.org/conda-forge/win-64/libmpdec-4.0.0-hfd05255_1.conda
      - conda: https://conda.anaconda.org/conda-forge/win-64/libsqlite-3.53.0-hf5d6505_0.conda
      - conda: https://conda.anaconda.org/conda-forge/win-64/libzlib-1.3.2-hfd05255_2.conda
      - conda: https://conda.anaconda.org/conda-forge/win-64/openssl-3.6.2-hf411b9b_0.conda
      - conda: https://conda.anaconda.org/conda-forge/win-64/python-3.13.11-h09917c8_101_cp313.conda
      - conda: https://conda.anaconda.org/conda-forge/noarch/python_abi-3.13-8_cp313.conda
      - conda: https://conda.anaconda.org/conda-forge/win-64/tk-8.6.13-h6ed50ae_3.conda
      - conda: https://conda.anaconda.org/conda-forge/noarch/tzdata-2025c-hc9c84f9_1.conda
      - conda: https://conda.anaconda.org/conda-forge/win-64/ucrt-10.0.26100.0-h57928b3_0.conda
      - conda: https://conda.anaconda.org/conda-forge/win-64/vc-14.3-h41ae7f8_34.conda
      - conda: https://conda.anaconda.org/conda-forge/win-64/vc14_runtime-14.44.35208-h818238b_34.conda
      - conda: https://conda.anaconda.org/conda-forge/win-64/vcomp14-14.44.35208-h818238b_34.conda
      - pypi: https://files.pythonhosted.org/packages/d1/d6/3965ed04c63042e047cb6a3e6ed1a63a35087b6a609aa3a15ed8ac56c221/colorama-0.4.6-py2.py3-none-any.whl
      - pypi: https://files.pythonhosted.org/packages/40/aa/ceb1ab5550502337738c3a42ffd9fdcd812834aee064dcb3a75f5426e8ff/iai_gxipy-2.0.2407.9061-py3-none-any.whl
      - pypi: https://files.pythonhosted.org/packages/57/fb/48649b4971cde70d817cf97a2a2fdc0b4d8308569f1dd2f2611959d2e0cf/numpy-2.4.4-cp313-cp313-win_amd64.whl
      - pypi: https://files.pythonhosted.org/packages/e9/a5/1be1516390333ff9be3a9cb648c9f33df79d5096e5884b5df71a588af463/opencv_python-4.13.0.92-cp37-abi3-win_amd64.whl
      - pypi: https://files.pythonhosted.org/packages/3f/82/8a3739a5e470b3c6cbb1d21d315800d8e16bff503d1f16b03a4ec3212786/pillow-12.2.0-cp313-cp313-win_amd64.whl
      - pypi: https://files.pythonhosted.org/packages/32/36/4c242f81fdcbfa4fb62a5645f6af79191f4097a0577bd5460c24f19cc4ef/pyqtgraph-0.14.0-py3-none-any.whl
      - pypi: https://files.pythonhosted.org/packages/07/bc/587a445451b253b285629263eb51c2d8e9bcea4fc97826266d186f96f558/pyserial-3.5-py2.py3-none-any.whl
      - pypi: https://files.pythonhosted.org/packages/ac/98/150e01a026df3e9697310236821fa825319bb4b9d6137539cb25a3032968/pyside6-6.11.0-cp310-abi3-win_amd64.whl
      - pypi: https://files.pythonhosted.org/packages/35/9a/46d271fedfabad8c6dce2ebb69bb593745487ed33753a56a47c3ba4fdb1c/pyside6_addons-6.11.0-cp310-abi3-win_amd64.whl
      - pypi: https://files.pythonhosted.org/packages/ff/37/ba95c6262836d2b286b4e05a9d16a5e870995d5d2503ac6adc6312208049/pyside6_essentials-6.11.0-cp310-abi3-win_amd64.whl
      - pypi: https://files.pythonhosted.org/packages/8f/02/04ed1920223cdf8f07f1521161e8c4cb03de1e43571e3f25ab24e64ef227/pyvisual-0.65-py3-none-any.whl
      - pypi: https://files.pythonhosted.org/packages/35/e5/d6d0e51fc888f692a35134336866341c08655d92614f492c6860dc45bb2c/scipy-1.17.1-cp313-cp313-win_amd64.whl
      - pypi: https://files.pythonhosted.org/packages/72/f7/44c0c42c3f5f29dec457fd46ea0552174bcb8aa75becf03bbd90308ba07b/shiboken6-6.11.0-cp310-abi3-win_amd64.whl
packages:
- conda: https://conda.anaconda.org/conda-forge/win-64/bzip2-1.0.8-h0ad9c76_9.conda
  sha256: 76dfb71df5e8d1c4eded2dbb5ba15bb8fb2e2b0fe42d94145d5eed4c75c35902
  md5: 4cb8e6b48f67de0b018719cdf1136306
  depends:
  - ucrt >=10.0.20348.0
  - vc >=14.3,<15
  - vc14_runtime >=14.44.35208
  license: bzip2-1.0.6
  license_family: BSD
  purls: []
  size: 56115
  timestamp: 1771350256444
- conda: https://conda.anaconda.org/conda-forge/noarch/ca-certificates-2026.4.22-h4c7d964_0.conda
  sha256: 6f4ff81534c19e76acf52fcabf4a258088a932b8f1ac56e9a59e98f6051f8e46
  md5: 56fb2c6c73efc627b40c77d14caecfba
  depends:
  - __win
  license: ISC
  purls: []
  size: 131388
  timestamp: 1776865633471
- pypi: https://files.pythonhosted.org/packages/d1/d6/3965ed04c63042e047cb6a3e6ed1a63a35087b6a609aa3a15ed8ac56c221/colorama-0.4.6-py2.py3-none-any.whl
  name: colorama
  version: 0.4.6
  sha256: 4f1d9991f5acc0ca119f9d443620b77f9d6b33703e51011c16baf57afb285fc6
  requires_python: '>=2.7,!=3.0.*,!=3.1.*,!=3.2.*,!=3.3.*,!=3.4.*,!=3.5.*,!=3.6.*'
- pypi: https://files.pythonhosted.org/packages/40/aa/ceb1ab5550502337738c3a42ffd9fdcd812834aee064dcb3a75f5426e8ff/iai_gxipy-2.0.2407.9061-py3-none-any.whl
  name: iai-gxipy
  version: 2.0.2407.9061
  sha256: f3a9172eb5e667ce670ffd48dea3dcdc008b6bb022797386d364c1bad1a13e70
  requires_dist:
  - numpy
  requires_python: '>=3.0'
- conda: https://conda.anaconda.org/conda-forge/win-64/libexpat-2.7.5-hac47afa_0.conda
  sha256: 6850c3a4d5dc215b86f58518cfb8752998533d6569b08da8df1da72e7c68e571
  md5: bfb43f52f13b7c56e7677aa7a8efdf0c
  depends:
  - ucrt >=10.0.20348.0
  - vc >=14.3,<15
  - vc14_runtime >=14.44.35208
  constrains:
  - expat 2.7.5.*
  license: MIT
  license_family: MIT
  purls: []
  size: 70609
  timestamp: 1774719377850
- conda: https://conda.anaconda.org/conda-forge/win-64/libffi-3.5.2-h3d046cb_0.conda
  sha256: 59d01f2dfa8b77491b5888a5ab88ff4e1574c9359f7e229da254cdfe27ddc190
  md5: 720b39f5ec0610457b725eb3f396219a
  depends:
  - ucrt >=10.0.20348.0
  - vc >=14.3,<15
  - vc14_runtime >=14.44.35208
  license: MIT
  license_family: MIT
  purls: []
  size: 45831
  timestamp: 1769456418774
- conda: https://conda.anaconda.org/conda-forge/win-64/liblzma-5.8.3-hfd05255_0.conda
  sha256: d636d1a25234063642f9c531a7bb58d84c1c496411280a36ea000bd122f078f1
  md5: 8f83619ab1588b98dd99c90b0bfc5c6d
  depends:
  - ucrt >=10.0.20348.0
  - vc >=14.3,<15
  - vc14_runtime >=14.44.35208
  constrains:
  - xz 5.8.3.*
  license: 0BSD
  purls: []
  size: 106486
  timestamp: 1775825663227
- conda: https://conda.anaconda.org/conda-forge/win-64/libmpdec-4.0.0-hfd05255_1.conda
  sha256: 40dcd0b9522a6e0af72a9db0ced619176e7cfdb114855c7a64f278e73f8a7514
  md5: e4a9fc2bba3b022dad998c78856afe47
  depends:
  - ucrt >=10.0.20348.0
  - vc >=14.3,<15
  - vc14_runtime >=14.44.35208
  license: BSD-2-Clause
  license_family: BSD
  purls: []
  size: 89411
  timestamp: 1769482314283
- conda: https://conda.anaconda.org/conda-forge/win-64/libsqlite-3.53.0-hf5d6505_0.conda
  sha256: 7a6256ea136936df4c4f3b227ba1e273b7d61152f9811b52157af497f07640b0
  md5: 4152b5a8d2513fd7ae9fb9f221a5595d
  depends:
  - ucrt >=10.0.20348.0
  - vc >=14.3,<15
  - vc14_runtime >=14.44.35208
  license: blessing
  purls: []
  size: 1301855
  timestamp: 1775753831574
- conda: https://conda.anaconda.org/conda-forge/win-64/libzlib-1.3.2-hfd05255_2.conda
  sha256: 88609816e0cc7452bac637aaf65783e5edf4fee8a9f8e22bdc3a75882c536061
  md5: dbabbd6234dea34040e631f87676292f
  depends:
  - ucrt >=10.0.20348.0
  - vc >=14.3,<15
  - vc14_runtime >=14.44.35208
  constrains:
  - zlib 1.3.2 *_2
  license: Zlib
  license_family: Other
  purls: []
  size: 58347
  timestamp: 1774072851498
- pypi: https://files.pythonhosted.org/packages/57/fb/48649b4971cde70d817cf97a2a2fdc0b4d8308569f1dd2f2611959d2e0cf/numpy-2.4.4-cp313-cp313-win_amd64.whl
  name: numpy
  version: 2.4.4
  sha256: 5c70f1cc1c4efbe316a572e2d8b9b9cc44e89b95f79ca3331553fbb63716e2bf
  requires_python: '>=3.11'
- pypi: https://files.pythonhosted.org/packages/e9/a5/1be1516390333ff9be3a9cb648c9f33df79d5096e5884b5df71a588af463/opencv_python-4.13.0.92-cp37-abi3-win_amd64.whl
  name: opencv-python
  version: 4.13.0.92
  sha256: 423d934c9fafb91aad38edf26efb46da91ffbc05f3f59c4b0c72e699720706f5
  requires_dist:
  - numpy<2.0 ; python_full_version < '3.9'
  - numpy>=2 ; python_full_version >= '3.9'
  requires_python: '>=3.6'
- conda: https://conda.anaconda.org/conda-forge/win-64/openssl-3.6.2-hf411b9b_0.conda
  sha256: feb5815125c60f2be4a411e532db1ed1cd2d7261a6a43c54cb6ae90724e2e154
  md5: 05c7d624cff49dbd8db1ad5ba537a8a3
  depends:
  - ca-certificates
  - ucrt >=10.0.20348.0
  - vc >=14.3,<15
  - vc14_runtime >=14.44.35208
  license: Apache-2.0
  license_family: Apache
  purls: []
  size: 9410183
  timestamp: 1775589779763
- pypi: https://files.pythonhosted.org/packages/3f/82/8a3739a5e470b3c6cbb1d21d315800d8e16bff503d1f16b03a4ec3212786/pillow-12.2.0-cp313-cp313-win_amd64.whl
  name: pillow
  version: 12.2.0
  sha256: 390ede346628ccc626e5730107cde16c42d3836b89662a115a921f28440e6a3b
  requires_dist:
  - furo ; extra == 'docs'
  - olefile ; extra == 'docs'
  - sphinx>=8.2 ; extra == 'docs'
  - sphinx-autobuild ; extra == 'docs'
  - sphinx-copybutton ; extra == 'docs'
  - sphinx-inline-tabs ; extra == 'docs'
  - sphinxext-opengraph ; extra == 'docs'
  - olefile ; extra == 'fpx'
  - olefile ; extra == 'mic'
  - arro3-compute ; extra == 'test-arrow'
  - arro3-core ; extra == 'test-arrow'
  - nanoarrow ; extra == 'test-arrow'
  - pyarrow ; extra == 'test-arrow'
  - check-manifest ; extra == 'tests'
  - coverage>=7.4.2 ; extra == 'tests'
  - defusedxml ; extra == 'tests'
  - markdown2 ; extra == 'tests'
  - olefile ; extra == 'tests'
  - packaging ; extra == 'tests'
  - pyroma>=5 ; extra == 'tests'
  - pytest ; extra == 'tests'
  - pytest-cov ; extra == 'tests'
  - pytest-timeout ; extra == 'tests'
  - pytest-xdist ; extra == 'tests'
  - trove-classifiers>=2024.10.12 ; extra == 'tests'
  - defusedxml ; extra == 'xmp'
  requires_python: '>=3.10'
- pypi: https://files.pythonhosted.org/packages/32/36/4c242f81fdcbfa4fb62a5645f6af79191f4097a0577bd5460c24f19cc4ef/pyqtgraph-0.14.0-py3-none-any.whl
  name: pyqtgraph
  version: 0.14.0
  sha256: 7abb7c3e17362add64f8711b474dffac5e7b0e9245abdf992e9a44119b7aa4f5
  requires_dist:
  - numpy>=1.25.0
  - colorama
  requires_python: '>=3.10'
- pypi: https://files.pythonhosted.org/packages/07/bc/587a445451b253b285629263eb51c2d8e9bcea4fc97826266d186f96f558/pyserial-3.5-py2.py3-none-any.whl
  name: pyserial
  version: '3.5'
  sha256: c4451db6ba391ca6ca299fb3ec7bae67a5c55dde170964c7a14ceefec02f2cf0
  requires_dist:
  - hidapi ; extra == 'cp2110'
- pypi: https://files.pythonhosted.org/packages/ac/98/150e01a026df3e9697310236821fa825319bb4b9d6137539cb25a3032968/pyside6-6.11.0-cp310-abi3-win_amd64.whl
  name: pyside6
  version: 6.11.0
  sha256: 9092cb002ca43c64006afb2e0d0f6f51aef17aa737c33a45e502326a081ddcbc
  requires_dist:
  - shiboken6==6.11.0
  - pyside6-essentials==6.11.0
  - pyside6-addons==6.11.0
  requires_python: '>=3.10,<3.15'
- pypi: https://files.pythonhosted.org/packages/35/9a/46d271fedfabad8c6dce2ebb69bb593745487ed33753a56a47c3ba4fdb1c/pyside6_addons-6.11.0-cp310-abi3-win_amd64.whl
  name: pyside6-addons
  version: 6.11.0
  sha256: 413e6121c24f5ffdce376298059eddecff74aa6d638e94e0f6015b33d29b889e
  requires_dist:
  - shiboken6==6.11.0
  - pyside6-essentials==6.11.0
  requires_python: '>=3.10,<3.15'
- pypi: https://files.pythonhosted.org/packages/ff/37/ba95c6262836d2b286b4e05a9d16a5e870995d5d2503ac6adc6312208049/pyside6_essentials-6.11.0-cp310-abi3-win_amd64.whl
  name: pyside6-essentials
  version: 6.11.0
  sha256: 3b3362882ad9389357a80504e600180006a957731fec05786fced7b038461fdf
  requires_dist:
  - shiboken6==6.11.0
  requires_python: '>=3.10,<3.15'
- conda: https://conda.anaconda.org/conda-forge/win-64/python-3.13.11-h09917c8_101_cp313.conda
  build_number: 101
  sha256: c1960ba5e6a53e18514693839a43442de9c6118180eeb1c97f91c93b8cd7e5de
  md5: 8e8704ea154373b4b1837087817b9991
  depends:
  - bzip2 >=1.0.8,<2.0a0
  - libexpat >=2.7.3,<3.0a0
  - libffi >=3.5.2,<3.6.0a0
  - liblzma >=5.8.2,<6.0a0
  - libmpdec >=4.0.0,<5.0a0
  - libsqlite >=3.51.2,<4.0a0
  - libzlib >=1.3.1,<2.0a0
  - openssl >=3.5.4,<4.0a0
  - python_abi 3.13.* *_cp313
  - tk >=8.6.13,<8.7.0a0
  - tzdata
  - ucrt >=10.0.20348.0
  - vc >=14.3,<15
  - vc14_runtime >=14.44.35208
  license: Python-2.0
  purls: []
  size: 16456375
  timestamp: 1769471259247
  python_site_packages_path: Lib/site-packages
- conda: https://conda.anaconda.org/conda-forge/noarch/python_abi-3.13-8_cp313.conda
  build_number: 8
  sha256: 210bffe7b121e651419cb196a2a63687b087497595c9be9d20ebe97dd06060a7
  md5: 94305520c52a4aa3f6c2b1ff6008d9f8
  constrains:
  - python 3.13.* *_cp313
  license: BSD-3-Clause
  license_family: BSD
  purls: []
  size: 7002
  timestamp: 1752805902938
- pypi: https://files.pythonhosted.org/packages/8f/02/04ed1920223cdf8f07f1521161e8c4cb03de1e43571e3f25ab24e64ef227/pyvisual-0.65-py3-none-any.whl
  name: pyvisual
  version: '0.65'
  sha256: 57a0e0bbb973940100f6698db9cbf155185ca2d5f628e4f3d21c323a014613e3
  requires_dist:
  - pyside6
  - pyqtgraph
  requires_python: '>=3.7'
- pypi: https://files.pythonhosted.org/packages/35/e5/d6d0e51fc888f692a35134336866341c08655d92614f492c6860dc45bb2c/scipy-1.17.1-cp313-cp313-win_amd64.whl
  name: scipy
  version: 1.17.1
  sha256: 37425bc9175607b0268f493d79a292c39f9d001a357bebb6b88fdfaff13f6448
  requires_dist:
  - numpy>=1.26.4,<2.7
  - pytest>=8.0.0 ; extra == 'test'
  - pytest-cov ; extra == 'test'
  - pytest-timeout ; extra == 'test'
  - pytest-xdist ; extra == 'test'
  - asv ; extra == 'test'
  - mpmath ; extra == 'test'
  - gmpy2 ; extra == 'test'
  - threadpoolctl ; extra == 'test'
  - scikit-umfpack ; extra == 'test'
  - pooch ; extra == 'test'
  - hypothesis>=6.30 ; extra == 'test'
  - array-api-strict>=2.3.1 ; extra == 'test'
  - cython ; extra == 'test'
  - meson ; extra == 'test'
  - ninja ; sys_platform != 'emscripten' and extra == 'test'
  - sphinx>=5.0.0,<8.2.0 ; extra == 'doc'
  - intersphinx-registry ; extra == 'doc'
  - pydata-sphinx-theme>=0.15.2 ; extra == 'doc'
  - sphinx-copybutton ; extra == 'doc'
  - sphinx-design>=0.4.0 ; extra == 'doc'
  - matplotlib>=3.5 ; extra == 'doc'
  - numpydoc ; extra == 'doc'
  - jupytext ; extra == 'doc'
  - myst-nb>=1.2.0 ; extra == 'doc'
  - pooch ; extra == 'doc'
  - jupyterlite-sphinx>=0.19.1 ; extra == 'doc'
  - jupyterlite-pyodide-kernel ; extra == 'doc'
  - linkify-it-py ; extra == 'doc'
  - tabulate ; extra == 'doc'
  - click<8.3.0 ; extra == 'dev'
  - spin ; extra == 'dev'
  - mypy==1.10.0 ; extra == 'dev'
  - typing-extensions ; extra == 'dev'
  - types-psutil ; extra == 'dev'
  - pycodestyle ; extra == 'dev'
  - ruff>=0.12.0 ; extra == 'dev'
  - cython-lint>=0.12.2 ; extra == 'dev'
  requires_python: '>=3.11'
- pypi: https://files.pythonhosted.org/packages/72/f7/44c0c42c3f5f29dec457fd46ea0552174bcb8aa75becf03bbd90308ba07b/shiboken6-6.11.0-cp310-abi3-win_amd64.whl
  name: shiboken6
  version: 6.11.0
  sha256: 483ff78a73c7b3189ca924abc694318084f078bcfeaffa68e32024ff2d025ee1
  requires_python: '>=3.10,<3.15'
- conda: https://conda.anaconda.org/conda-forge/win-64/tk-8.6.13-h6ed50ae_3.conda
  sha256: 0e79810fae28f3b69fe7391b0d43f5474d6bd91d451d5f2bde02f55ae481d5e3
  md5: 0481bfd9814bf525bd4b3ee4b51494c4
  depends:
  - ucrt >=10.0.20348.0
  - vc >=14.3,<15
  - vc14_runtime >=14.44.35208
  license: TCL
  license_family: BSD
  purls: []
  size: 3526350
  timestamp: 1769460339384
- conda: https://conda.anaconda.org/conda-forge/noarch/tzdata-2025c-hc9c84f9_1.conda
  sha256: 1d30098909076af33a35017eed6f2953af1c769e273a0626a04722ac4acaba3c
  md5: ad659d0a2b3e47e38d829aa8cad2d610
  license: LicenseRef-Public-Domain
  purls: []
  size: 119135
  timestamp: 1767016325805
- conda: https://conda.anaconda.org/conda-forge/win-64/ucrt-10.0.26100.0-h57928b3_0.conda
  sha256: 3005729dce6f3d3f5ec91dfc49fc75a0095f9cd23bab49efb899657297ac91a5
  md5: 71b24316859acd00bdb8b38f5e2ce328
  constrains:
  - vc14_runtime >=14.29.30037
  - vs2015_runtime >=14.29.30037
  license: LicenseRef-MicrosoftWindowsSDK10
  purls: []
  size: 694692
  timestamp: 1756385147981
- conda: https://conda.anaconda.org/conda-forge/win-64/vc-14.3-h41ae7f8_34.conda
  sha256: 9dc40c2610a6e6727d635c62cced5ef30b7b30123f5ef67d6139e23d21744b3a
  md5: 1e610f2416b6acdd231c5f573d754a0f
  depends:
  - vc14_runtime >=14.44.35208
  track_features:
  - vc14
  license: BSD-3-Clause
  license_family: BSD
  purls: []
  size: 19356
  timestamp: 1767320221521
- conda: https://conda.anaconda.org/conda-forge/win-64/vc14_runtime-14.44.35208-h818238b_34.conda
  sha256: 02732f953292cce179de9b633e74928037fa3741eb5ef91c3f8bae4f761d32a5
  md5: 37eb311485d2d8b2c419449582046a42
  depends:
  - ucrt >=10.0.20348.0
  - vcomp14 14.44.35208 h818238b_34
  constrains:
  - vs2015_runtime 14.44.35208.* *_34
  license: LicenseRef-MicrosoftVisualCpp2015-2022Runtime
  license_family: Proprietary
  purls: []
  size: 683233
  timestamp: 1767320219644
- conda: https://conda.anaconda.org/conda-forge/win-64/vcomp14-14.44.35208-h818238b_34.conda
  sha256: 878d5d10318b119bd98ed3ed874bd467acbe21996e1d81597a1dbf8030ea0ce6
  md5: 242d9f25d2ae60c76b38a5e42858e51d
  depends:
  - ucrt >=10.0.20348.0
  constrains:
  - vs2015_runtime 14.44.35208.* *_34
  license: LicenseRef-MicrosoftVisualCpp2015-2022Runtime
  license_family: Proprietary
  purls: []
  size: 115235
  timestamp: 1767320173250
